
Microsoft Visual Studio Solution File, Format Version 12.00
# Visual Studio 14
VisualStudioVersion = 14.0.23107.0
MinimumVisualStudioVersion = 10.0.40219.1
Project("{FAE04EC0-301F-11D3-BF4B-00C04F79EFBC}") = "LinkLayer", "Link\LinkLayer.csproj", "{8837C51B-2C39-4B33-AA11-C358FF3049FF}"
EndProject
Project("{FAE04EC0-301F-11D3-BF4B-00C04F79EFBC}") = "Protocol.Test.Unit", "Protocol.Test.Unit\Protocol.Test.Unit.csproj", "{45E7DF38-14C5-4331-A5BD-44B17A6F880E}"
EndProject
Global
	GlobalSection(SolutionConfigurationPlatforms) = preSolution
		Debug|Any CPU = Debug|Any CPU
		Release|Any CPU = Release|Any CPU
	EndGlobalSection
	GlobalSection(ProjectConfigurationPlatforms) = postSolution
		{8837C51B-2C39-4B33-AA11-C358FF3049FF}.Debug|Any CPU.ActiveCfg = Debug|Any CPU
		{8837C51B-2C39-4B33-AA11-C358FF3049FF}.Debug|Any CPU.Build.0 = Debug|Any CPU
		{8837C51B-2C39-4B33-AA11-C358FF3049FF}.Release|Any CPU.ActiveCfg = Release|Any CPU
		{8837C51B-2C39-4B33-AA11-C358FF3049FF}.Release|Any CPU.Build.0 = Release|Any CPU
		{45E7DF38-14C5-4331-A5BD-44B17A6F880E}.Debug|Any CPU.ActiveCfg = Debug|Any CPU
		{45E7DF38-14C5-4331-A5BD-44B17A6F880E}.Debug|Any CPU.Build.0 = Debug|Any CPU
		{45E7DF38-14C5-4331-A5BD-44B17A6F880E}.Release|Any CPU.ActiveCfg = Release|Any CPU
		{45E7DF38-14C5-4331-A5BD-44B17A6F880E}.Release|Any CPU.Build.0 = Release|Any CPU
	EndGlobalSection
	GlobalSection(SolutionProperties) = preSolution
		HideSolutionNode = FALSE
	EndGlobalSection
EndGlobal
