
Microsoft Visual Studio Solution File, Format Version 12.00
# Visual Studio 14
VisualStudioVersion = 14.0.23107.0
MinimumVisualStudioVersion = 10.0.40219.1
Project("{FAE04EC0-301F-11D3-BF4B-00C04F79EFBC}") = "LinkLayer", "Link\LinkLayer.csproj", "{8837C51B-2C39-4B33-AA11-C358FF3049FF}"
EndProject
Project("{FAE04EC0-301F-11D3-BF4B-00C04F79EFBC}") = "Protocol.Test.Unit", "Protocol.Test.Unit\Protocol.Test.Unit.csproj", "{45E7DF38-14C5-4331-A5BD-44B17A6F880E}"
EndProject
Project("{FAE04EC0-301F-11D3-BF4B-00C04F79EFBC}") = "ProtocolStack.Program", "ProtocolStack.Program\ProtocolStack.Program.csproj", "{130CFF7E-49A7-4993-898D-70EC85A72468}"
EndProject
Project("{FAE04EC0-301F-11D3-BF4B-00C04F79EFBC}") = "TransportLayer", "TransportLayer\TransportLayer.csproj", "{A7DDF2DB-D257-459F-9074-FF0E1DA0F9DE}"
EndProject
Project("{FAE04EC0-301F-11D3-BF4B-00C04F79EFBC}") = "ApplicationLayerClient", "ApplicationLayerClient\ApplicationLayerClient.csproj", "{E407AD6A-0644-4925-9BEA-ECFBE8E1353A}"
EndProject
Project("{FAE04EC0-301F-11D3-BF4B-00C04F79EFBC}") = "Transport", "Transport\Transport.csproj", "{1F106E87-65D5-4667-9DFB-05F003292CBD}"
EndProject
Project("{FAE04EC0-301F-11D3-BF4B-00C04F79EFBC}") = "NewTest", "NewTest\NewTest.csproj", "{18CB4DA3-EC9B-471E-8753-9B9713C3B264}"
EndProject
Global
	GlobalSection(SolutionConfigurationPlatforms) = preSolution
		Debug|Any CPU = Debug|Any CPU
		Release|Any CPU = Release|Any CPU
	EndGlobalSection
	GlobalSection(ProjectConfigurationPlatforms) = postSolution
		{8837C51B-2C39-4B33-AA11-C358FF3049FF}.Debug|Any CPU.ActiveCfg = Debug|Any CPU
		{8837C51B-2C39-4B33-AA11-C358FF3049FF}.Debug|Any CPU.Build.0 = Debug|Any CPU
		{8837C51B-2C39-4B33-AA11-C358FF3049FF}.Release|Any CPU.ActiveCfg = Release|Any CPU
		{8837C51B-2C39-4B33-AA11-C358FF3049FF}.Release|Any CPU.Build.0 = Release|Any CPU
		{45E7DF38-14C5-4331-A5BD-44B17A6F880E}.Debug|Any CPU.ActiveCfg = Debug|Any CPU
		{45E7DF38-14C5-4331-A5BD-44B17A6F880E}.Debug|Any CPU.Build.0 = Debug|Any CPU
		{45E7DF38-14C5-4331-A5BD-44B17A6F880E}.Release|Any CPU.ActiveCfg = Release|Any CPU
		{45E7DF38-14C5-4331-A5BD-44B17A6F880E}.Release|Any CPU.Build.0 = Release|Any CPU
		{130CFF7E-49A7-4993-898D-70EC85A72468}.Debug|Any CPU.ActiveCfg = Debug|Any CPU
		{130CFF7E-49A7-4993-898D-70EC85A72468}.Debug|Any CPU.Build.0 = Debug|Any CPU
		{130CFF7E-49A7-4993-898D-70EC85A72468}.Release|Any CPU.ActiveCfg = Release|Any CPU
		{130CFF7E-49A7-4993-898D-70EC85A72468}.Release|Any CPU.Build.0 = Release|Any CPU
		{A7DDF2DB-D257-459F-9074-FF0E1DA0F9DE}.Debug|Any CPU.ActiveCfg = Debug|Any CPU
		{A7DDF2DB-D257-459F-9074-FF0E1DA0F9DE}.Debug|Any CPU.Build.0 = Debug|Any CPU
		{A7DDF2DB-D257-459F-9074-FF0E1DA0F9DE}.Release|Any CPU.ActiveCfg = Release|Any CPU
		{A7DDF2DB-D257-459F-9074-FF0E1DA0F9DE}.Release|Any CPU.Build.0 = Release|Any CPU
		{E407AD6A-0644-4925-9BEA-ECFBE8E1353A}.Debug|Any CPU.ActiveCfg = Debug|Any CPU
		{E407AD6A-0644-4925-9BEA-ECFBE8E1353A}.Debug|Any CPU.Build.0 = Debug|Any CPU
		{E407AD6A-0644-4925-9BEA-ECFBE8E1353A}.Release|Any CPU.ActiveCfg = Release|Any CPU
		{E407AD6A-0644-4925-9BEA-ECFBE8E1353A}.Release|Any CPU.Build.0 = Release|Any CPU
		{1F106E87-65D5-4667-9DFB-05F003292CBD}.Debug|Any CPU.ActiveCfg = Debug|Any CPU
		{1F106E87-65D5-4667-9DFB-05F003292CBD}.Debug|Any CPU.Build.0 = Debug|Any CPU
		{1F106E87-65D5-4667-9DFB-05F003292CBD}.Release|Any CPU.ActiveCfg = Release|Any CPU
		{1F106E87-65D5-4667-9DFB-05F003292CBD}.Release|Any CPU.Build.0 = Release|Any CPU
		{18CB4DA3-EC9B-471E-8753-9B9713C3B264}.Debug|Any CPU.ActiveCfg = Debug|Any CPU
		{18CB4DA3-EC9B-471E-8753-9B9713C3B264}.Debug|Any CPU.Build.0 = Debug|Any CPU
		{18CB4DA3-EC9B-471E-8753-9B9713C3B264}.Release|Any CPU.ActiveCfg = Release|Any CPU
		{18CB4DA3-EC9B-471E-8753-9B9713C3B264}.Release|Any CPU.Build.0 = Release|Any CPU
	EndGlobalSection
	GlobalSection(SolutionProperties) = preSolution
		HideSolutionNode = FALSE
	EndGlobalSection
EndGlobal
